PODS:
  - AFIncrementalStore (0.5.1):
    - AFNetworking (~> 1.3.2)
    - InflectorKit
    - TransformerKit
  - AFNetworking (1.3.3)
  - InflectorKit (0.0.1)
  - TransformerKit (0.3.1)

DEPENDENCIES:
  - AFIncrementalStore (= 0.5.1)

SPEC CHECKSUMS:
  AFIncrementalStore: 4b5033a6a5045be8c9985740e8a563b17db9eb68
  AFNetworking: 61fdd49e2ffe6380378df37b3b6e70630bb9dd66
  InflectorKit: 9dccab02f95541093995adac639342c9eb9e6c12
  TransformerKit: 612d3966b31e345f2abc8221fe6657379bb5d8b6

COCOAPODS: 0.29.0
